// !$*UTF8*$!
{
	archiveVersion = 1;
	classes = {
	};
	objectVersion = 51;
	objects = {

/* Begin PBXBuildFile section */
		329D89637D62CB12F3990DCE /* Pods_DarynCinemaTests.framework in Frameworks */ = {isa = PBXBuildFile; fileRef = F934900221C50C02299DD88B /* Pods_DarynCinemaTests.framework */; };
		3823344B257F3AF300B6D54E /* User.swift in Sources */ = {isa = PBXBuildFile; fileRef = 3823344A257F3AF300B6D54E /* User.swift */; };
		3826EA172539856400A079B4 /* AppDelegate.swift in Sources */ = {isa = PBXBuildFile; fileRef = 3826EA162539856400A079B4 /* AppDelegate.swift */; };
		3826EA192539856400A079B4 /* SceneDelegate.swift in Sources */ = {isa = PBXBuildFile; fileRef = 3826EA182539856400A079B4 /* SceneDelegate.swift */; };
		3826EA1B2539856400A079B4 /* ViewController.swift in Sources */ = {isa = PBXBuildFile; fileRef = 3826EA1A2539856400A079B4 /* ViewController.swift */; };
		3826EA1E2539856400A079B4 /* Main.storyboard in Resources */ = {isa = PBXBuildFile; fileRef = 3826EA1C2539856400A079B4 /* Main.storyboard */; };
		3826EA202539856700A079B4 /* Assets.xcassets in Resources */ = {isa = PBXBuildFile; fileRef = 3826EA1F2539856700A079B4 /* Assets.xcassets */; };
		3826EA232539856700A079B4 /* LaunchScreen.storyboard in Resources */ = {isa = PBXBuildFile; fileRef = 3826EA212539856700A079B4 /* LaunchScreen.storyboard */; };
		3826EA2E2539856700A079B4 /* DarynCinemaTests.swift in Sources */ = {isa = PBXBuildFile; fileRef = 3826EA2D2539856700A079B4 /* DarynCinemaTests.swift */; };
		3826EA392539856700A079B4 /* DarynCinemaUITests.swift in Sources */ = {isa = PBXBuildFile; fileRef = 3826EA382539856700A079B4 /* DarynCinemaUITests.swift */; };
		3826EA4725399B0A00A079B4 /* RegisterViewController.swift in Sources */ = {isa = PBXBuildFile; fileRef = 3826EA4625399B0A00A079B4 /* RegisterViewController.swift */; };
		3826EA492539AEA700A079B4 /* LoginViewController.swift in Sources */ = {isa = PBXBuildFile; fileRef = 3826EA482539AEA700A079B4 /* LoginViewController.swift */; };
		3826EA4B2539B38100A079B4 /* ProfileViewController.swift in Sources */ = {isa = PBXBuildFile; fileRef = 3826EA4A2539B38100A079B4 /* ProfileViewController.swift */; };
		3826EA4D2539C1D800A079B4 /* SearchViewController.swift in Sources */ = {isa = PBXBuildFile; fileRef = 3826EA4C2539C1D800A079B4 /* SearchViewController.swift */; };
		3826EA4F2539D7B400A079B4 /* Models.swift in Sources */ = {isa = PBXBuildFile; fileRef = 3826EA4E2539D7B400A079B4 /* Models.swift */; };
		3826EA562539DD0700A079B4 /* MovieTableViewCell.swift in Sources */ = {isa = PBXBuildFile; fileRef = 3826EA542539DD0700A079B4 /* MovieTableViewCell.swift */; };
		3826EA572539DD0700A079B4 /* MovieTableViewCell.xib in Resources */ = {isa = PBXBuildFile; fileRef = 3826EA552539DD0700A079B4 /* MovieTableViewCell.xib */; };
		3826EA5A2539F60C00A079B4 /* MoviesListTableViewCell.swift in Sources */ = {isa = PBXBuildFile; fileRef = 3826EA582539F60C00A079B4 /* MoviesListTableViewCell.swift */; };
		3826EA5B2539F60C00A079B4 /* MoviesListTableViewCell.xib in Resources */ = {isa = PBXBuildFile; fileRef = 3826EA592539F60C00A079B4 /* MoviesListTableViewCell.xib */; };
		3826EA5D253A138D00A079B4 /* Details1ViewController.swift in Sources */ = {isa = PBXBuildFile; fileRef = 3826EA5C253A138D00A079B4 /* Details1ViewController.swift */; };
		382CC92E253AE77F00054BFB /* Details2ViewController.swift in Sources */ = {isa = PBXBuildFile; fileRef = 382CC92D253AE77F00054BFB /* Details2ViewController.swift */; };
		382CC930253B228E00054BFB /* SFUIDisplay-Bold.ttf in Resources */ = {isa = PBXBuildFile; fileRef = 382CC92F253B228D00054BFB /* SFUIDisplay-Bold.ttf */; };
		382CC932253B23A900054BFB /* SFUIDisplay-Regular.ttf in Resources */ = {isa = PBXBuildFile; fileRef = 382CC931253B23A800054BFB /* SFUIDisplay-Regular.ttf */; };
		382ED75F257F9AF3001326BC /* EditProfileViewController.swift in Sources */ = {isa = PBXBuildFile; fileRef = 382ED75E257F9AF3001326BC /* EditProfileViewController.swift */; };
		382ED761257FB3CC001326BC /* AlertService.swift in Sources */ = {isa = PBXBuildFile; fileRef = 382ED760257FB3CC001326BC /* AlertService.swift */; };
		38C86281257FE78A006A513A /* Movies.swift in Sources */ = {isa = PBXBuildFile; fileRef = 38C86280257FE78A006A513A /* Movies.swift */; };
		4E2BEECB65A38CAFAD1B3D8F /* Pods_DarynCinema.framework in Frameworks */ = {isa = PBXBuildFile; fileRef = 19B2AA85D64DE9122D32A3BD /* Pods_DarynCinema.framework */; };
		950BFF546175D66A0586857B /* Pods_DarynCinema_DarynCinemaUITests.framework in Frameworks */ = {isa = PBXBuildFile; fileRef = BB46DD4238951AA0D5233A7A /* Pods_DarynCinema_DarynCinemaUITests.framework */; };
/* End PBXBuildFile section */

/* Begin PBXContainerItemProxy section */
		3826EA2A2539856700A079B4 /* PBXContainerItemProxy */ = {
			isa = PBXContainerItemProxy;
			containerPortal = 3826EA0B2539856400A079B4 /* Project object */;
			proxyType = 1;
			remoteGlobalIDString = 3826EA122539856400A079B4;
			remoteInfo = DarynCinema;
		};
		3826EA352539856700A079B4 /* PBXContainerItemProxy */ = {
			isa = PBXContainerItemProxy;
			containerPortal = 3826EA0B2539856400A079B4 /* Project object */;
			proxyType = 1;
			remoteGlobalIDString = 3826EA122539856400A079B4;
			remoteInfo = DarynCinema;
		};
/* End PBXContainerItemProxy section */

/* Begin PBXFileReference section */
		19B2AA85D64DE9122D32A3BD /* Pods_DarynCinema.framework */ = {isa = PBXFileReference; explicitFileType = wrapper.framework; includeInIndex = 0; path = Pods_DarynCinema.framework; sourceTree = BUILT_PRODUCTS_DIR; };
		3823344A257F3AF300B6D54E /* User.swift */ = {isa = PBXFileReference; lastKnownFileType = sourcecode.swift; path = User.swift; sourceTree = "<group>"; };
		3826EA132539856400A079B4 /* DarynCinema.app */ = {isa = PBXFileReference; explicitFileType = wrapper.application; includeInIndex = 0; path = DarynCinema.app; sourceTree = BUILT_PRODUCTS_DIR; };
		3826EA162539856400A079B4 /* AppDelegate.swift */ = {isa = PBXFileReference; lastKnownFileType = sourcecode.swift; path = AppDelegate.swift; sourceTree = "<group>"; };
		3826EA182539856400A079B4 /* SceneDelegate.swift */ = {isa = PBXFileReference; lastKnownFileType = sourcecode.swift; path = SceneDelegate.swift; sourceTree = "<group>"; };
		3826EA1A2539856400A079B4 /* ViewController.swift */ = {isa = PBXFileReference; lastKnownFileType = sourcecode.swift; path = ViewController.swift; sourceTree = "<group>"; };
		3826EA1D2539856400A079B4 /* Base */ = {isa = PBXFileReference; lastKnownFileType = file.storyboard; name = Base; path = Base.lproj/Main.storyboard; sourceTree = "<group>"; };
		3826EA1F2539856700A079B4 /* Assets.xcassets */ = {isa = PBXFileReference; lastKnownFileType = folder.assetcatalog; path = Assets.xcassets; sourceTree = "<group>"; };
		3826EA222539856700A079B4 /* Base */ = {isa = PBXFileReference; lastKnownFileType = file.storyboard; name = Base; path = Base.lproj/LaunchScreen.storyboard; sourceTree = "<group>"; };
		3826EA242539856700A079B4 /* Info.plist */ = {isa = PBXFileReference; lastKnownFileType = text.plist.xml; path = Info.plist; sourceTree = "<group>"; };
		3826EA292539856700A079B4 /* DarynCinemaTests.xctest */ = {isa = PBXFileReference; explicitFileType = wrapper.cfbundle; includeInIndex = 0; path = DarynCinemaTests.xctest; sourceTree = BUILT_PRODUCTS_DIR; };
		3826EA2D2539856700A079B4 /* DarynCinemaTests.swift */ = {isa = PBXFileReference; lastKnownFileType = sourcecode.swift; path = DarynCinemaTests.swift; sourceTree = "<group>"; };
		3826EA2F2539856700A079B4 /* Info.plist */ = {isa = PBXFileReference; lastKnownFileType = text.plist.xml; path = Info.plist; sourceTree = "<group>"; };
		3826EA342539856700A079B4 /* DarynCinemaUITests.xctest */ = {isa = PBXFileReference; explicitFileType = wrapper.cfbundle; includeInIndex = 0; path = DarynCinemaUITests.xctest; sourceTree = BUILT_PRODUCTS_DIR; };
		3826EA382539856700A079B4 /* DarynCinemaUITests.swift */ = {isa = PBXFileReference; lastKnownFileType = sourcecode.swift; path = DarynCinemaUITests.swift; sourceTree = "<group>"; };
		3826EA3A2539856700A079B4 /* Info.plist */ = {isa = PBXFileReference; lastKnownFileType = text.plist.xml; path = Info.plist; sourceTree = "<group>"; };
		3826EA4625399B0A00A079B4 /* RegisterViewController.swift */ = {isa = PBXFileReference; lastKnownFileType = sourcecode.swift; path = RegisterViewController.swift; sourceTree = "<group>"; };
		3826EA482539AEA700A079B4 /* LoginViewController.swift */ = {isa = PBXFileReference; lastKnownFileType = sourcecode.swift; path = LoginViewController.swift; sourceTree = "<group>"; };
		3826EA4A2539B38100A079B4 /* ProfileViewController.swift */ = {isa = PBXFileReference; lastKnownFileType = sourcecode.swift; path = ProfileViewController.swift; sourceTree = "<group>"; };
		3826EA4C2539C1D800A079B4 /* SearchViewController.swift */ = {isa = PBXFileReference; lastKnownFileType = sourcecode.swift; path = SearchViewController.swift; sourceTree = "<group>"; };
		3826EA4E2539D7B400A079B4 /* Models.swift */ = {isa = PBXFileReference; lastKnownFileType = sourcecode.swift; path = Models.swift; sourceTree = "<group>"; };
		3826EA542539DD0700A079B4 /* MovieTableViewCell.swift */ = {isa = PBXFileReference; lastKnownFileType = sourcecode.swift; path = MovieTableViewCell.swift; sourceTree = "<group>"; };
		3826EA552539DD0700A079B4 /* MovieTableViewCell.xib */ = {isa = PBXFileReference; lastKnownFileType = file.xib; path = MovieTableViewCell.xib; sourceTree = "<group>"; };
		3826EA582539F60C00A079B4 /* MoviesListTableViewCell.swift */ = {isa = PBXFileReference; lastKnownFileType = sourcecode.swift; path = MoviesListTableViewCell.swift; sourceTree = "<group>"; };
		3826EA592539F60C00A079B4 /* MoviesListTableViewCell.xib */ = {isa = PBXFileReference; lastKnownFileType = file.xib; path = MoviesListTableViewCell.xib; sourceTree = "<group>"; };
		3826EA5C253A138D00A079B4 /* Details1ViewController.swift */ = {isa = PBXFileReference; lastKnownFileType = sourcecode.swift; path = Details1ViewController.swift; sourceTree = "<group>"; };
		382CC92D253AE77F00054BFB /* Details2ViewController.swift */ = {isa = PBXFileReference; lastKnownFileType = sourcecode.swift; path = Details2ViewController.swift; sourceTree = "<group>"; };
		382CC92F253B228D00054BFB /* SFUIDisplay-Bold.ttf */ = {isa = PBXFileReference; lastKnownFileType = file; path = "SFUIDisplay-Bold.ttf"; sourceTree = "<group>"; };
		382CC931253B23A800054BFB /* SFUIDisplay-Regular.ttf */ = {isa = PBXFileReference; lastKnownFileType = file; path = "SFUIDisplay-Regular.ttf"; sourceTree = "<group>"; };
		382ED75E257F9AF3001326BC /* EditProfileViewController.swift */ = {isa = PBXFileReference; lastKnownFileType = sourcecode.swift; path = EditProfileViewController.swift; sourceTree = "<group>"; };
		382ED760257FB3CC001326BC /* AlertService.swift */ = {isa = PBXFileReference; lastKnownFileType = sourcecode.swift; path = AlertService.swift; sourceTree = "<group>"; };
		38C86280257FE78A006A513A /* Movies.swift */ = {isa = PBXFileReference; lastKnownFileType = sourcecode.swift; path = Movies.swift; sourceTree = "<group>"; };
		3A91D8092CBE19BAEFCBE3DC /* Pods-DarynCinema.release.xcconfig */ = {isa = PBXFileReference; includeInIndex = 1; lastKnownFileType = text.xcconfig; name = "Pods-DarynCinema.release.xcconfig"; path = "Target Support Files/Pods-DarynCinema/Pods-DarynCinema.release.xcconfig"; sourceTree = "<group>"; };
		9A33E44815BAB7800954FF0D /* Pods-DarynCinemaTests.debug.xcconfig */ = {isa = PBXFileReference; includeInIndex = 1; lastKnownFileType = text.xcconfig; name = "Pods-DarynCinemaTests.debug.xcconfig"; path = "Target Support Files/Pods-DarynCinemaTests/Pods-DarynCinemaTests.debug.xcconfig"; sourceTree = "<group>"; };
		A759D2263002BC59F33D79BD /* Pods-DarynCinema.debug.xcconfig */ = {isa = PBXFileReference; includeInIndex = 1; lastKnownFileType = text.xcconfig; name = "Pods-DarynCinema.debug.xcconfig"; path = "Target Support Files/Pods-DarynCinema/Pods-DarynCinema.debug.xcconfig"; sourceTree = "<group>"; };
		B30E038C4FE94B79494431B5 /* Pods-DarynCinema-DarynCinemaUITests.release.xcconfig */ = {isa = PBXFileReference; includeInIndex = 1; lastKnownFileType = text.xcconfig; name = "Pods-DarynCinema-DarynCinemaUITests.release.xcconfig"; path = "Target Support Files/Pods-DarynCinema-DarynCinemaUITests/Pods-DarynCinema-DarynCinemaUITests.release.xcconfig"; sourceTree = "<group>"; };
		B7A0EA56E89A9DD0E02E6B3D /* Pods-DarynCinemaTests.release.xcconfig */ = {isa = PBXFileReference; includeInIndex = 1; lastKnownFileType = text.xcconfig; name = "Pods-DarynCinemaTests.release.xcconfig"; path = "Target Support Files/Pods-DarynCinemaTests/Pods-DarynCinemaTests.release.xcconfig"; sourceTree = "<group>"; };
		BB46DD4238951AA0D5233A7A /* Pods_DarynCinema_DarynCinemaUITests.framework */ = {isa = PBXFileReference; explicitFileType = wrapper.framework; includeInIndex = 0; path = Pods_DarynCinema_DarynCinemaUITests.framework; sourceTree = BUILT_PRODUCTS_DIR; };
		D839ECE3937631BC38B601A2 /* Pods-DarynCinema-DarynCinemaUITests.debug.xcconfig */ = {isa = PBXFileReference; includeInIndex = 1; lastKnownFileType = text.xcconfig; name = "Pods-DarynCinema-DarynCinemaUITests.debug.xcconfig"; path = "Target Support Files/Pods-DarynCinema-DarynCinemaUITests/Pods-DarynCinema-DarynCinemaUITests.debug.xcconfig"; sourceTree = "<group>"; };
		F934900221C50C02299DD88B /* Pods_DarynCinemaTests.framework */ = {isa = PBXFileReference; explicitFileType = wrapper.framework; includeInIndex = 0; path = Pods_DarynCinemaTests.framework; sourceTree = BUILT_PRODUCTS_DIR; };
/* End PBXFileReference section */

/* Begin PBXFrameworksBuildPhase section */
		3826EA102539856400A079B4 /* Frameworks */ = {
			isa = PBXFrameworksBuildPhase;
			buildActionMask = 2147483647;
			files = (
				4E2BEECB65A38CAFAD1B3D8F /* Pods_DarynCinema.framework in Frameworks */,
			);
			runOnlyForDeploymentPostprocessing = 0;
		};
		3826EA262539856700A079B4 /* Frameworks */ = {
			isa = PBXFrameworksBuildPhase;
			buildActionMask = 2147483647;
			files = (
				329D89637D62CB12F3990DCE /* Pods_DarynCinemaTests.framework in Frameworks */,
			);
			runOnlyForDeploymentPostprocessing = 0;
		};
		3826EA312539856700A079B4 /* Frameworks */ = {
			isa = PBXFrameworksBuildPhase;
			buildActionMask = 2147483647;
			files = (
				950BFF546175D66A0586857B /* Pods_DarynCinema_DarynCinemaUITests.framework in Frameworks */,
			);
			runOnlyForDeploymentPostprocessing = 0;
		};
/* End PBXFrameworksBuildPhase section */

/* Begin PBXGroup section */
		3826EA0A2539856400A079B4 = {
			isa = PBXGroup;
			children = (
				3826EA152539856400A079B4 /* DarynCinema */,
				3826EA2C2539856700A079B4 /* DarynCinemaTests */,
				3826EA372539856700A079B4 /* DarynCinemaUITests */,
				3826EA142539856400A079B4 /* Products */,
				5B678A91AD60C5B7E9B58A91 /* Pods */,
				990D4554F08B722A06DE74DA /* Frameworks */,
			);
			sourceTree = "<group>";
		};
		3826EA142539856400A079B4 /* Products */ = {
			isa = PBXGroup;
			children = (
				3826EA132539856400A079B4 /* DarynCinema.app */,
				3826EA292539856700A079B4 /* DarynCinemaTests.xctest */,
				3826EA342539856700A079B4 /* DarynCinemaUITests.xctest */,
			);
			name = Products;
			sourceTree = "<group>";
		};
		3826EA152539856400A079B4 /* DarynCinema */ = {
			isa = PBXGroup;
			children = (
				3826EA162539856400A079B4 /* AppDelegate.swift */,
				3826EA182539856400A079B4 /* SceneDelegate.swift */,
				3826EA1A2539856400A079B4 /* ViewController.swift */,
				3826EA1C2539856400A079B4 /* Main.storyboard */,
				3826EA1F2539856700A079B4 /* Assets.xcassets */,
				3826EA212539856700A079B4 /* LaunchScreen.storyboard */,
				3826EA242539856700A079B4 /* Info.plist */,
				3826EA4625399B0A00A079B4 /* RegisterViewController.swift */,
				3826EA482539AEA700A079B4 /* LoginViewController.swift */,
				3826EA4A2539B38100A079B4 /* ProfileViewController.swift */,
				3826EA4C2539C1D800A079B4 /* SearchViewController.swift */,
				3826EA4E2539D7B400A079B4 /* Models.swift */,
				3826EA542539DD0700A079B4 /* MovieTableViewCell.swift */,
				3826EA552539DD0700A079B4 /* MovieTableViewCell.xib */,
				3826EA582539F60C00A079B4 /* MoviesListTableViewCell.swift */,
				3826EA592539F60C00A079B4 /* MoviesListTableViewCell.xib */,
				3826EA5C253A138D00A079B4 /* Details1ViewController.swift */,
				382CC92D253AE77F00054BFB /* Details2ViewController.swift */,
				382CC92F253B228D00054BFB /* SFUIDisplay-Bold.ttf */,
				382CC931253B23A800054BFB /* SFUIDisplay-Regular.ttf */,
				3823344A257F3AF300B6D54E /* User.swift */,
				382ED75E257F9AF3001326BC /* EditProfileViewController.swift */,
				382ED760257FB3CC001326BC /* AlertService.swift */,
				38C86280257FE78A006A513A /* Movies.swift */,
			);
			path = DarynCinema;
			sourceTree = "<group>";
		};
		3826EA2C2539856700A079B4 /* DarynCinemaTests */ = {
			isa = PBXGroup;
			children = (
				3826EA2D2539856700A079B4 /* DarynCinemaTests.swift */,
				3826EA2F2539856700A079B4 /* Info.plist */,
			);
			path = DarynCinemaTests;
			sourceTree = "<group>";
		};
		3826EA372539856700A079B4 /* DarynCinemaUITests */ = {
			isa = PBXGroup;
			children = (
				3826EA382539856700A079B4 /* DarynCinemaUITests.swift */,
				3826EA3A2539856700A079B4 /* Info.plist */,
			);
			path = DarynCinemaUITests;
			sourceTree = "<group>";
		};
		5B678A91AD60C5B7E9B58A91 /* Pods */ = {
			isa = PBXGroup;
			children = (
				A759D2263002BC59F33D79BD /* Pods-DarynCinema.debug.xcconfig */,
				3A91D8092CBE19BAEFCBE3DC /* Pods-DarynCinema.release.xcconfig */,
				D839ECE3937631BC38B601A2 /* Pods-DarynCinema-DarynCinemaUITests.debug.xcconfig */,
				B30E038C4FE94B79494431B5 /* Pods-DarynCinema-DarynCinemaUITests.release.xcconfig */,
				9A33E44815BAB7800954FF0D /* Pods-DarynCinemaTests.debug.xcconfig */,
				B7A0EA56E89A9DD0E02E6B3D /* Pods-DarynCinemaTests.release.xcconfig */,
			);
			path = Pods;
			sourceTree = "<group>";
		};
		990D4554F08B722A06DE74DA /* Frameworks */ = {
			isa = PBXGroup;
			children = (
				19B2AA85D64DE9122D32A3BD /* Pods_DarynCinema.framework */,
				BB46DD4238951AA0D5233A7A /* Pods_DarynCinema_DarynCinemaUITests.framework */,
				F934900221C50C02299DD88B /* Pods_DarynCinemaTests.framework */,
			);
			name = Frameworks;
			sourceTree = "<group>";
		};
/* End PBXGroup section */

/* Begin PBXNativeTarget section */
		3826EA122539856400A079B4 /* DarynCinema */ = {
			isa = PBXNativeTarget;
			buildConfigurationList = 3826EA3D2539856700A079B4 /* Build configuration list for PBXNativeTarget "DarynCinema" */;
			buildPhases = (
				5AEAB1076102B1B0E785F694 /* [CP] Check Pods Manifest.lock */,
				3826EA0F2539856400A079B4 /* Sources */,
				3826EA102539856400A079B4 /* Frameworks */,
				3826EA112539856400A079B4 /* Resources */,
				1F961D4FF46CBC8DE0684CF0 /* [CP] Embed Pods Frameworks */,
			);
			buildRules = (
			);
			dependencies = (
			);
			name = DarynCinema;
			productName = DarynCinema;
			productReference = 3826EA132539856400A079B4 /* DarynCinema.app */;
			productType = "com.apple.product-type.application";
		};
		3826EA282539856700A079B4 /* DarynCinemaTests */ = {
			isa = PBXNativeTarget;
			buildConfigurationList = 3826EA402539856700A079B4 /* Build configuration list for PBXNativeTarget "DarynCinemaTests" */;
			buildPhases = (
				828BFDEF4403F34A1B8DD21F /* [CP] Check Pods Manifest.lock */,
				3826EA252539856700A079B4 /* Sources */,
				3826EA262539856700A079B4 /* Frameworks */,
				3826EA272539856700A079B4 /* Resources */,
			);
			buildRules = (
			);
			dependencies = (
				3826EA2B2539856700A079B4 /* PBXTargetDependency */,
			);
			name = DarynCinemaTests;
			productName = DarynCinemaTests;
			productReference = 3826EA292539856700A079B4 /* DarynCinemaTests.xctest */;
			productType = "com.apple.product-type.bundle.unit-test";
		};
		3826EA332539856700A079B4 /* DarynCinemaUITests */ = {
			isa = PBXNativeTarget;
			buildConfigurationList = 3826EA432539856700A079B4 /* Build configuration list for PBXNativeTarget "DarynCinemaUITests" */;
			buildPhases = (
				4ED820B211D876929CB0AB21 /* [CP] Check Pods Manifest.lock */,
				3826EA302539856700A079B4 /* Sources */,
				3826EA312539856700A079B4 /* Frameworks */,
				3826EA322539856700A079B4 /* Resources */,
				4D9B0417DD5715050DBCD819 /* [CP] Embed Pods Frameworks */,
			);
			buildRules = (
			);
			dependencies = (
				3826EA362539856700A079B4 /* PBXTargetDependency */,
			);
			name = DarynCinemaUITests;
			productName = DarynCinemaUITests;
			productReference = 3826EA342539856700A079B4 /* DarynCinemaUITests.xctest */;
			productType = "com.apple.product-type.bundle.ui-testing";
		};
/* End PBXNativeTarget section */

/* Begin PBXProject section */
		3826EA0B2539856400A079B4 /* Project object */ = {
			isa = PBXProject;
			attributes = {
				LastSwiftUpdateCheck = 1130;
				LastUpgradeCheck = 1130;
				ORGANIZATIONNAME = nagato;
				TargetAttributes = {
					3826EA122539856400A079B4 = {
						CreatedOnToolsVersion = 11.3;
					};
					3826EA282539856700A079B4 = {
						CreatedOnToolsVersion = 11.3;
						TestTargetID = 3826EA122539856400A079B4;
					};
					3826EA332539856700A079B4 = {
						CreatedOnToolsVersion = 11.3;
						TestTargetID = 3826EA122539856400A079B4;
					};
				};
			};
			buildConfigurationList = 3826EA0E2539856400A079B4 /* Build configuration list for PBXProject "DarynCinema" */;
			compatibilityVersion = "Xcode 9.3";
			developmentRegion = en;
			hasScannedForEncodings = 0;
			knownRegions = (
				en,
				Base,
			);
			mainGroup = 3826EA0A2539856400A079B4;
			productRefGroup = 3826EA142539856400A079B4 /* Products */;
			projectDirPath = "";
			projectRoot = "";
			targets = (
				3826EA122539856400A079B4 /* DarynCinema */,
				3826EA282539856700A079B4 /* DarynCinemaTests */,
				3826EA332539856700A079B4 /* DarynCinemaUITests */,
			);
		};
/* End PBXProject section */

/* Begin PBXResourcesBuildPhase section */
		3826EA112539856400A079B4 /* Resources */ = {
			isa = PBXResourcesBuildPhase;
			buildActionMask = 2147483647;
			files = (
				3826EA232539856700A079B4 /* LaunchScreen.storyboard in Resources */,
				3826EA5B2539F60C00A079B4 /* MoviesListTableViewCell.xib in Resources */,
				382CC932253B23A900054BFB /* SFUIDisplay-Regular.ttf in Resources */,
				3826EA202539856700A079B4 /* Assets.xcassets in Resources */,
				3826EA572539DD0700A079B4 /* MovieTableViewCell.xib in Resources */,
				3826EA1E2539856400A079B4 /* Main.storyboard in Resources */,
				382CC930253B228E00054BFB /* SFUIDisplay-Bold.ttf in Resources */,
			);
			runOnlyForDeploymentPostprocessing = 0;
		};
		3826EA272539856700A079B4 /* Resources */ = {
			isa = PBXResourcesBuildPhase;
			buildActionMask = 2147483647;
			files = (
			);
			runOnlyForDeploymentPostprocessing = 0;
		};
		3826EA322539856700A079B4 /* Resources */ = {
			isa = PBXResourcesBuildPhase;
			buildActionMask = 2147483647;
			files = (
			);
			runOnlyForDeploymentPostprocessing = 0;
		};
/* End PBXResourcesBuildPhase section */

/* Begin PBXShellScriptBuildPhase section */
		1F961D4FF46CBC8DE0684CF0 /* [CP] Embed Pods Frameworks */ = {
			isa = PBXShellScriptBuildPhase;
			buildActionMask = 2147483647;
			files = (
			);
			inputFileListPaths = (
				"${PODS_ROOT}/Target Support Files/Pods-DarynCinema/Pods-DarynCinema-frameworks-${CONFIGURATION}-input-files.xcfilelist",
			);
			name = "[CP] Embed Pods Frameworks";
			outputFileListPaths = (
				"${PODS_ROOT}/Target Support Files/Pods-DarynCinema/Pods-DarynCinema-frameworks-${CONFIGURATION}-output-files.xcfilelist",
			);
			runOnlyForDeploymentPostprocessing = 0;
			shellPath = /bin/sh;
			shellScript = "\"${PODS_ROOT}/Target Support Files/Pods-DarynCinema/Pods-DarynCinema-frameworks.sh\"\n";
			showEnvVarsInLog = 0;
		};
		4D9B0417DD5715050DBCD819 /* [CP] Embed Pods Frameworks */ = {
			isa = PBXShellScriptBuildPhase;
			buildActionMask = 2147483647;
			files = (
			);
			inputFileListPaths = (
				"${PODS_ROOT}/Target Support Files/Pods-DarynCinema-DarynCinemaUITests/Pods-DarynCinema-DarynCinemaUITests-frameworks-${CONFIGURATION}-input-files.xcfilelist",
			);
			name = "[CP] Embed Pods Frameworks";
			outputFileListPaths = (
				"${PODS_ROOT}/Target Support Files/Pods-DarynCinema-DarynCinemaUITests/Pods-DarynCinema-DarynCinemaUITests-frameworks-${CONFIGURATION}-output-files.xcfilelist",
			);
			runOnlyForDeploymentPostprocessing = 0;
			shellPath = /bin/sh;
			shellScript = "\"${PODS_ROOT}/Target Support Files/Pods-DarynCinema-DarynCinemaUITests/Pods-DarynCinema-DarynCinemaUITests-frameworks.sh\"\n";
			showEnvVarsInLog = 0;
		};
		4ED820B211D876929CB0AB21 /* [CP] Check Pods Manifest.lock */ = {
			isa = PBXShellScriptBuildPhase;
			buildActionMask = 2147483647;
			files = (
			);
			inputFileListPaths = (
			);
			inputPaths = (
				"${PODS_PODFILE_DIR_PATH}/Podfile.lock",
				"${PODS_ROOT}/Manifest.lock",
			);
			name = "[CP] Check Pods Manifest.lock";
			outputFileListPaths = (
			);
			outputPaths = (
				"$(DERIVED_FILE_DIR)/Pods-DarynCinema-DarynCinemaUITests-checkManifestLockResult.txt",
			);
			runOnlyForDeploymentPostprocessing = 0;
			shellPath = /bin/sh;
			shellScript = "diff \"${PODS_PODFILE_DIR_PATH}/Podfile.lock\" \"${PODS_ROOT}/Manifest.lock\" > /dev/null\nif [ $? != 0 ] ; then\n    # print error to STDERR\n    echo \"error: The sandbox is not in sync with the Podfile.lock. Run 'pod install' or update your CocoaPods installation.\" >&2\n    exit 1\nfi\n# This output is used by Xcode 'outputs' to avoid re-running this script phase.\necho \"SUCCESS\" > \"${SCRIPT_OUTPUT_FILE_0}\"\n";
			showEnvVarsInLog = 0;
		};
		5AEAB1076102B1B0E785F694 /* [CP] Check Pods Manifest.lock */ = {
			isa = PBXShellScriptBuildPhase;
			buildActionMask = 2147483647;
			files = (
			);
			inputFileListPaths = (
			);
			inputPaths = (
				"${PODS_PODFILE_DIR_PATH}/Podfile.lock",
				"${PODS_ROOT}/Manifest.lock",
			);
			name = "[CP] Check Pods Manifest.lock";
			outputFileListPaths = (
			);
			outputPaths = (
				"$(DERIVED_FILE_DIR)/Pods-DarynCinema-checkManifestLockResult.txt",
			);
			runOnlyForDeploymentPostprocessing = 0;
			shellPath = /bin/sh;
			shellScript = "diff \"${PODS_PODFILE_DIR_PATH}/Podfile.lock\" \"${PODS_ROOT}/Manifest.lock\" > /dev/null\nif [ $? != 0 ] ; then\n    # print error to STDERR\n    echo \"error: The sandbox is not in sync with the Podfile.lock. Run 'pod install' or update your CocoaPods installation.\" >&2\n    exit 1\nfi\n# This output is used by Xcode 'outputs' to avoid re-running this script phase.\necho \"SUCCESS\" > \"${SCRIPT_OUTPUT_FILE_0}\"\n";
			showEnvVarsInLog = 0;
		};
		828BFDEF4403F34A1B8DD21F /* [CP] Check Pods Manifest.lock */ = {
			isa = PBXShellScriptBuildPhase;
			buildActionMask = 2147483647;
			files = (
			);
			inputFileListPaths = (
			);
			inputPaths = (
				"${PODS_PODFILE_DIR_PATH}/Podfile.lock",
				"${PODS_ROOT}/Manifest.lock",
			);
			name = "[CP] Check Pods Manifest.lock";
			outputFileListPaths = (
			);
			outputPaths = (
				"$(DERIVED_FILE_DIR)/Pods-DarynCinemaTests-checkManifestLockResult.txt",
			);
			runOnlyForDeploymentPostprocessing = 0;
			shellPath = /bin/sh;
			shellScript = "diff \"${PODS_PODFILE_DIR_PATH}/Podfile.lock\" \"${PODS_ROOT}/Manifest.lock\" > /dev/null\nif [ $? != 0 ] ; then\n    # print error to STDERR\n    echo \"error: The sandbox is not in sync with the Podfile.lock. Run 'pod install' or update your CocoaPods installation.\" >&2\n    exit 1\nfi\n# This output is used by Xcode 'outputs' to avoid re-running this script phase.\necho \"SUCCESS\" > \"${SCRIPT_OUTPUT_FILE_0}\"\n";
			showEnvVarsInLog = 0;
		};
/* End PBXShellScriptBuildPhase section */

/* Begin PBXSourcesBuildPhase section */
		3826EA0F2539856400A079B4 /* Sources */ = {
			isa = PBXSourcesBuildPhase;
			buildActionMask = 2147483647;
			files = (
				3823344B257F3AF300B6D54E /* User.swift in Sources */,
				3826EA4B2539B38100A079B4 /* ProfileViewController.swift in Sources */,
				3826EA4D2539C1D800A079B4 /* SearchViewController.swift in Sources */,
				3826EA562539DD0700A079B4 /* MovieTableViewCell.swift in Sources */,
				382ED761257FB3CC001326BC /* AlertService.swift in Sources */,
				3826EA5D253A138D00A079B4 /* Details1ViewController.swift in Sources */,
				3826EA1B2539856400A079B4 /* ViewController.swift in Sources */,
				382ED75F257F9AF3001326BC /* EditProfileViewController.swift in Sources */,
				3826EA4F2539D7B400A079B4 /* Models.swift in Sources */,
				382CC92E253AE77F00054BFB /* Details2ViewController.swift in Sources */,
				38C86281257FE78A006A513A /* Movies.swift in Sources */,
				3826EA172539856400A079B4 /* AppDelegate.swift in Sources */,
				3826EA5A2539F60C00A079B4 /* MoviesListTableViewCell.swift in Sources */,
				3826EA192539856400A079B4 /* SceneDelegate.swift in Sources */,
				3826EA492539AEA700A079B4 /* LoginViewController.swift in Sources */,
				3826EA4725399B0A00A079B4 /* RegisterViewController.swift in Sources */,
			);
			runOnlyForDeploymentPostprocessing = 0;
		};
		3826EA252539856700A079B4 /* Sources */ = {
			isa = PBXSourcesBuildPhase;
			buildActionMask = 2147483647;
			files = (
				3826EA2E2539856700A079B4 /* DarynCinemaTests.swift in Sources */,
			);
			runOnlyForDeploymentPostprocessing = 0;
		};
		3826EA302539856700A079B4 /* Sources */ = {
			isa = PBXSourcesBuildPhase;
			buildActionMask = 2147483647;
			files = (
				3826EA392539856700A079B4 /* DarynCinemaUITests.swift in Sources */,
			);
			runOnlyForDeploymentPostprocessing = 0;
		};
/* End PBXSourcesBuildPhase section */

/* Begin PBXTargetDependency section */
		3826EA2B2539856700A079B4 /* PBXTargetDependency */ = {
			isa = PBXTargetDependency;
			target = 3826EA122539856400A079B4 /* DarynCinema */;
			targetProxy = 3826EA2A2539856700A079B4 /* PBXContainerItemProxy */;
		};
		3826EA362539856700A079B4 /* PBXTargetDependency */ = {
			isa = PBXTargetDependency;
			target = 3826EA122539856400A079B4 /* DarynCinema */;
			targetProxy = 3826EA352539856700A079B4 /* PBXContainerItemProxy */;
		};
/* End PBXTargetDependency section */

/* Begin PBXVariantGroup section */
		3826EA1C2539856400A079B4 /* Main.storyboard */ = {
			isa = PBXVariantGroup;
			children = (
				3826EA1D2539856400A079B4 /* Base */,
			);
			name = Main.storyboard;
			sourceTree = "<group>";
		};
		3826EA212539856700A079B4 /* LaunchScreen.storyboard */ = {
			isa = PBXVariantGroup;
			children = (
				3826EA222539856700A079B4 /* Base */,
			);
			name = LaunchScreen.storyboard;
			sourceTree = "<group>";
		};
/* End PBXVariantGroup section */

/* Begin XCBuildConfiguration section */
		3826EA3B2539856700A079B4 /* Debug */ = {
			isa = XCBuildConfiguration;
			buildSettings = {
				ALWAYS_SEARCH_USER_PATHS = NO;
				CLANG_ANALYZER_NONNULL = YES;
				CLANG_ANALYZER_NUMBER_OBJECT_CONVERSION = YES_AGGRESSIVE;
				CLANG_CXX_LANGUAGE_STANDARD = "gnu++14";
				CLANG_CXX_LIBRARY = "libc++";
				CLANG_ENABLE_MODULES = YES;
				CLANG_ENABLE_OBJC_ARC = YES;
				CLANG_ENABLE_OBJC_WEAK = YES;
				CLANG_WARN_BLOCK_CAPTURE_AUTORELEASING = YES;
				CLANG_WARN_BOOL_CONVERSION = YES;
				CLANG_WARN_COMMA = YES;
				CLANG_WARN_CONSTANT_CONVERSION = YES;
				CLANG_WARN_DEPRECATED_OBJC_IMPLEMENTATIONS = YES;
				CLANG_WARN_DIRECT_OBJC_ISA_USAGE = YES_ERROR;
				CLANG_WARN_DOCUMENTATION_COMMENTS = YES;
				CLANG_WARN_EMPTY_BODY = YES;
				CLANG_WARN_ENUM_CONVERSION = YES;
				CLANG_WARN_INFINITE_RECURSION = YES;
				CLANG_WARN_INT_CONVERSION = YES;
				CLANG_WARN_NON_LITERAL_NULL_CONVERSION = YES;
				CLANG_WARN_OBJC_IMPLICIT_RETAIN_SELF = YES;
				CLANG_WARN_OBJC_LITERAL_CONVERSION = YES;
				CLANG_WARN_OBJC_ROOT_CLASS = YES_ERROR;
				CLANG_WARN_RANGE_LOOP_ANALYSIS = YES;
				CLANG_WARN_STRICT_PROTOTYPES = YES;
				CLANG_WARN_SUSPICIOUS_MOVE = YES;
				CLANG_WARN_UNGUARDED_AVAILABILITY = YES_AGGRESSIVE;
				CLANG_WARN_UNREACHABLE_CODE = YES;
				CLANG_WARN__DUPLICATE_METHOD_MATCH = YES;
				COPY_PHASE_STRIP = NO;
				DEBUG_INFORMATION_FORMAT = dwarf;
				ENABLE_STRICT_OBJC_MSGSEND = YES;
				ENABLE_TESTABILITY = YES;
				GCC_C_LANGUAGE_STANDARD = gnu11;
				GCC_DYNAMIC_NO_PIC = NO;
				GCC_NO_COMMON_BLOCKS = YES;
				GCC_OPTIMIZATION_LEVEL = 0;
				GCC_PREPROCESSOR_DEFINITIONS = (
					"DEBUG=1",
					"$(inherited)",
				);
				GCC_WARN_64_TO_32_BIT_CONVERSION = YES;
				GCC_WARN_ABOUT_RETURN_TYPE = YES_ERROR;
				GCC_WARN_UNDECLARED_SELECTOR = YES;
				GCC_WARN_UNINITIALIZED_AUTOS = YES_AGGRESSIVE;
				GCC_WARN_UNUSED_FUNCTION = YES;
				GCC_WARN_UNUSED_VARIABLE = YES;
				IPHONEOS_DEPLOYMENT_TARGET = 13.2;
				MTL_ENABLE_DEBUG_INFO = INCLUDE_SOURCE;
				MTL_FAST_MATH = YES;
				ONLY_ACTIVE_ARCH = YES;
				SDKROOT = iphoneos;
				SWIFT_ACTIVE_COMPILATION_CONDITIONS = DEBUG;
				SWIFT_OPTIMIZATION_LEVEL = "-Onone";
			};
			name = Debug;
		};
		3826EA3C2539856700A079B4 /* Release */ = {
			isa = XCBuildConfiguration;
			buildSettings = {
				ALWAYS_SEARCH_USER_PATHS = NO;
				CLANG_ANALYZER_NONNULL = YES;
				CLANG_ANALYZER_NUMBER_OBJECT_CONVERSION = YES_AGGRESSIVE;
				CLANG_CXX_LANGUAGE_STANDARD = "gnu++14";
				CLANG_CXX_LIBRARY = "libc++";
				CLANG_ENABLE_MODULES = YES;
				CLANG_ENABLE_OBJC_ARC = YES;
				CLANG_ENABLE_OBJC_WEAK = YES;
				CLANG_WARN_BLOCK_CAPTURE_AUTORELEASING = YES;
				CLANG_WARN_BOOL_CONVERSION = YES;
				CLANG_WARN_COMMA = YES;
				CLANG_WARN_CONSTANT_CONVERSION = YES;
				CLANG_WARN_DEPRECATED_OBJC_IMPLEMENTATIONS = YES;
				CLANG_WARN_DIRECT_OBJC_ISA_USAGE = YES_ERROR;
				CLANG_WARN_DOCUMENTATION_COMMENTS = YES;
				CLANG_WARN_EMPTY_BODY = YES;
				CLANG_WARN_ENUM_CONVERSION = YES;
				CLANG_WARN_INFINITE_RECURSION = YES;
				CLANG_WARN_INT_CONVERSION = YES;
				CLANG_WARN_NON_LITERAL_NULL_CONVERSION = YES;
				CLANG_WARN_OBJC_IMPLICIT_RETAIN_SELF = YES;
				CLANG_WARN_OBJC_LITERAL_CONVERSION = YES;
				CLANG_WARN_OBJC_ROOT_CLASS = YES_ERROR;
				CLANG_WARN_RANGE_LOOP_ANALYSIS = YES;
				CLANG_WARN_STRICT_PROTOTYPES = YES;
				CLANG_WARN_SUSPICIOUS_MOVE = YES;
				CLANG_WARN_UNGUARDED_AVAILABILITY = YES_AGGRESSIVE;
				CLANG_WARN_UNREACHABLE_CODE = YES;
				CLANG_WARN__DUPLICATE_METHOD_MATCH = YES;
				COPY_PHASE_STRIP = NO;
				DEBUG_INFORMATION_FORMAT = "dwarf-with-dsym";
				ENABLE_NS_ASSERTIONS = NO;
				ENABLE_STRICT_OBJC_MSGSEND = YES;
				GCC_C_LANGUAGE_STANDARD = gnu11;
				GCC_NO_COMMON_BLOCKS = YES;
				GCC_WARN_64_TO_32_BIT_CONVERSION = YES;
				GCC_WARN_ABOUT_RETURN_TYPE = YES_ERROR;
				GCC_WARN_UNDECLARED_SELECTOR = YES;
				GCC_WARN_UNINITIALIZED_AUTOS = YES_AGGRESSIVE;
				GCC_WARN_UNUSED_FUNCTION = YES;
				GCC_WARN_UNUSED_VARIABLE = YES;
				IPHONEOS_DEPLOYMENT_TARGET = 13.2;
				MTL_ENABLE_DEBUG_INFO = NO;
				MTL_FAST_MATH = YES;
				SDKROOT = iphoneos;
				SWIFT_COMPILATION_MODE = wholemodule;
				SWIFT_OPTIMIZATION_LEVEL = "-O";
				VALIDATE_PRODUCT = YES;
			};
			name = Release;
		};
		3826EA3E2539856700A079B4 /* Debug */ = {
			isa = XCBuildConfiguration;
			baseConfigurationReference = A759D2263002BC59F33D79BD /* Pods-DarynCinema.debug.xcconfig */;
			buildSettings = {
				ASSETCATALOG_COMPILER_APPICON_NAME = AppIcon;
				CODE_SIGN_STYLE = Automatic;
				INFOPLIST_FILE = DarynCinema/Info.plist;
				LD_RUNPATH_SEARCH_PATHS = (
					"$(inherited)",
					"@executable_path/Frameworks",
				);
				PRODUCT_BUNDLE_IDENTIFIER = edu.DarynCinema;
				PRODUCT_NAME = "$(TARGET_NAME)";
				SWIFT_VERSION = 5.0;
				TARGETED_DEVICE_FAMILY = "1,2";
			};
			name = Debug;
		};
		3826EA3F2539856700A079B4 /* Release */ = {
			isa = XCBuildConfiguration;
			baseConfigurationReference = 3A91D8092CBE19BAEFCBE3DC /* Pods-DarynCinema.release.xcconfig */;
			buildSettings = {
				ASSETCATALOG_COMPILER_APPICON_NAME = AppIcon;
				CODE_SIGN_STYLE = Automatic;
				INFOPLIST_FILE = DarynCinema/Info.plist;
				LD_RUNPATH_SEARCH_PATHS = (
					"$(inherited)",
					"@executable_path/Frameworks",
				);
				PRODUCT_BUNDLE_IDENTIFIER = edu.DarynCinema;
				PRODUCT_NAME = "$(TARGET_NAME)";
				SWIFT_VERSION = 5.0;
				TARGETED_DEVICE_FAMILY = "1,2";
			};
			name = Release;
		};
		3826EA412539856700A079B4 /* Debug */ = {
			isa = XCBuildConfiguration;
			baseConfigurationReference = 9A33E44815BAB7800954FF0D /* Pods-DarynCinemaTests.debug.xcconfig */;
			buildSettings = {
				ALWAYS_EMBED_SWIFT_STANDARD_LIBRARIES = YES;
				BUNDLE_LOADER = "$(TEST_HOST)";
				CODE_SIGN_STYLE = Automatic;
				INFOPLIST_FILE = DarynCinemaTests/Info.plist;
				IPHONEOS_DEPLOYMENT_TARGET = 13.2;
				LD_RUNPATH_SEARCH_PATHS = (
					"$(inherited)",
					"@executable_path/Frameworks",
					"@loader_path/Frameworks",
				);
				PRODUCT_BUNDLE_IDENTIFIER = edu.DarynCinemaTests;
				PRODUCT_NAME = "$(TARGET_NAME)";
				SWIFT_VERSION = 5.0;
				TARGETED_DEVICE_FAMILY = "1,2";
				TEST_HOST = "$(BUILT_PRODUCTS_DIR)/DarynCinema.app/DarynCinema";
			};
			name = Debug;
		};
		3826EA422539856700A079B4 /* Release */ = {
			isa = XCBuildConfiguration;
			baseConfigurationReference = B7A0EA56E89A9DD0E02E6B3D /* Pods-DarynCinemaTests.release.xcconfig */;
			buildSettings = {
				ALWAYS_EMBED_SWIFT_STANDARD_LIBRARIES = YES;
				BUNDLE_LOADER = "$(TEST_HOST)";
				CODE_SIGN_STYLE = Automatic;
				INFOPLIST_FILE = DarynCinemaTests/Info.plist;
				IPHONEOS_DEPLOYMENT_TARGET = 13.2;
				LD_RUNPATH_SEARCH_PATHS = (
					"$(inherited)",
					"@executable_path/Frameworks",
					"@loader_path/Frameworks",
				);
				PRODUCT_BUNDLE_IDENTIFIER = edu.DarynCinemaTests;
				PRODUCT_NAME = "$(TARGET_NAME)";
				SWIFT_VERSION = 5.0;
				TARGETED_DEVICE_FAMILY = "1,2";
				TEST_HOST = "$(BUILT_PRODUCTS_DIR)/DarynCinema.app/DarynCinema";
			};
			name = Release;
		};
		3826EA442539856700A079B4 /* Debug */ = {
			isa = XCBuildConfiguration;
			baseConfigurationReference = D839ECE3937631BC38B601A2 /* Pods-DarynCinema-DarynCinemaUITests.debug.xcconfig */;
			buildSettings = {
				ALWAYS_EMBED_SWIFT_STANDARD_LIBRARIES = YES;
				CODE_SIGN_STYLE = Automatic;
				INFOPLIST_FILE = DarynCinemaUITests/Info.plist;
				LD_RUNPATH_SEARCH_PATHS = (
					"$(inherited)",
					"@executable_path/Frameworks",
					"@loader_path/Frameworks",
				);
				PRODUCT_BUNDLE_IDENTIFIER = edu.DarynCinemaUITests;
				PRODUCT_NAME = "$(TARGET_NAME)";
				SWIFT_VERSION = 5.0;
				TARGETED_DEVICE_FAMILY = "1,2";
				TEST_TARGET_NAME = DarynCinema;
			};
			name = Debug;
		};
		3826EA452539856700A079B4 /* Release */ = {
			isa = XCBuildConfiguration;
			baseConfigurationReference = B30E038C4FE94B79494431B5 /* Pods-DarynCinema-DarynCinemaUITests.release.xcconfig */;
			buildSettings = {
				ALWAYS_EMBED_SWIFT_STANDARD_LIBRARIES = YES;
				CODE_SIGN_STYLE = Automatic;
				INFOPLIST_FILE = DarynCinemaUITests/Info.plist;
				LD_RUNPATH_SEARCH_PATHS = (
					"$(inherited)",
					"@executable_path/Frameworks",
					"@loader_path/Frameworks",
				);
				PRODUCT_BUNDLE_IDENTIFIER = edu.DarynCinemaUITests;
				PRODUCT_NAME = "$(TARGET_NAME)";
				SWIFT_VERSION = 5.0;
				TARGETED_DEVICE_FAMILY = "1,2";
				TEST_TARGET_NAME = DarynCinema;
			};
			name = Release;
		};
/* End XCBuildConfiguration section */

/* Begin XCConfigurationList section */
		3826EA0E2539856400A079B4 /* Build configuration list for PBXProject "DarynCinema" */ = {
			isa = XCConfigurationList;
			buildConfigurations = (
				3826EA3B2539856700A079B4 /* Debug */,
				3826EA3C2539856700A079B4 /* Release */,
			);
			defaultConfigurationIsVisible = 0;
			defaultConfigurationName = Release;
		};
		3826EA3D2539856700A079B4 /* Build configuration list for PBXNativeTarget "DarynCinema" */ = {
			isa = XCConfigurationList;
			buildConfigurations = (
				3826EA3E2539856700A079B4 /* Debug */,
				3826EA3F2539856700A079B4 /* Release */,
			);
			defaultConfigurationIsVisible = 0;
			defaultConfigurationName = Release;
		};
		3826EA402539856700A079B4 /* Build configuration list for PBXNativeTarget "DarynCinemaTests" */ = {
			isa = XCConfigurationList;
			buildConfigurations = (
				3826EA412539856700A079B4 /* Debug */,
				3826EA422539856700A079B4 /* Release */,
			);
			defaultConfigurationIsVisible = 0;
			defaultConfigurationName = Release;
		};
		3826EA432539856700A079B4 /* Build configuration list for PBXNativeTarget "DarynCinemaUITests" */ = {
			isa = XCConfigurationList;
			buildConfigurations = (
				3826EA442539856700A079B4 /* Debug */,
				3826EA452539856700A079B4 /* Release */,
			);
			defaultConfigurationIsVisible = 0;
			defaultConfigurationName = Release;
		};
/* End XCConfigurationList section */
	};
	rootObject = 3826EA0B2539856400A079B4 /* Project object */;
}
